	<Project xmlns="http://schemas.microsoft.com/developer/msbuild/2003">
		<PropertyGroup>
			<ProjectGuid>{6374C9C7-253A-4078-96AF-BD57A152ACEB}</ProjectGuid>
			<MainSource>FTEditor.dpr</MainSource>
			<Config Condition="'$(Config)'==''">Debug</Config>
			<DCC_DCCCompiler>DCC32</DCC_DCCCompiler>
			<ProjectVersion>12.0</ProjectVersion>
		</PropertyGroup>
		<PropertyGroup Condition="'$(Config)'=='Base' or '$(Base)'!=''">
			<Base>true</Base>
		</PropertyGroup>
		<PropertyGroup Condition="'$(Config)'=='Debug' or '$(Cfg_2)'!=''">
			<Cfg_2>true</Cfg_2>
			<CfgParent>Base</CfgParent>
			<Base>true</Base>
		</PropertyGroup>
		<PropertyGroup Condition="'$(Base)'!=''">
			<DCC_UnitSearchPath>$(TFieldedTextSrc);$(PJVersionInfoLib);$(DCC_UnitSearchPath)</DCC_UnitSearchPath>
			<DCC_UnitAlias>WinTypes=Windows;WinProcs=Windows;$(DCC_UnitAlias)</DCC_UnitAlias>
			<DCC_DependencyCheckOutputName>FTEditor.exe</DCC_DependencyCheckOutputName>
			<DCC_ImageBase>00400000</DCC_ImageBase>
			<DCC_Platform>x86</DCC_Platform>
		</PropertyGroup>
		<PropertyGroup Condition="'$(Cfg_2)'!=''">
			<DCC_Define>DEBUG;$(DCC_Define)</DCC_Define>
		</PropertyGroup>
		<ItemGroup>
			<DelphiCompile Include="FTEditor.dpr">
				<MainSource>MainSource</MainSource>
			</DelphiCompile>
			<DCCReference Include="Xilytix.FTEditor.MainForm.pas">
				<Form>MainForm</Form>
			</DCCReference>
			<DCCReference Include="Xilytix.FTEditor.TextViewFrame.pas">
				<Form>TextViewFrame</Form>
				<DesignClass>TFrame</DesignClass>
			</DCCReference>
			<DCCReference Include="Xilytix.FTEditor.GridViewFrame.pas">
				<Form>GridViewFrame</Form>
				<DesignClass>TFrame</DesignClass>
			</DCCReference>
			<DCCReference Include="Xilytix.FTEditor.SequenceTreeFrame.pas">
				<Form>SequenceTreeFrame</Form>
				<DesignClass>TFrame</DesignClass>
			</DCCReference>
			<DCCReference Include="Xilytix.FTEditor.SequenceListFrame.pas">
				<Form>SequenceListFrame</Form>
				<DesignClass>TFrame</DesignClass>
			</DCCReference>
			<DCCReference Include="Xilytix.FTEditor.MainPropertiesFrame.pas">
				<Form>MainPropertiesFrame</Form>
				<DesignClass>TFrame</DesignClass>
			</DCCReference>
			<DCCReference Include="Xilytix.FTEditor.FieldsFrame.pas">
				<Form>FieldsFrame</Form>
				<DesignClass>TFrame</DesignClass>
			</DCCReference>
			<DCCReference Include="Xilytix.FTEditor.ErrorsFrame.pas">
				<Form>ErrorsFrame</Form>
				<DesignClass>TFrame</DesignClass>
			</DCCReference>
			<DCCReference Include="Xilytix.FTEditor.Common.pas"/>
			<DCCReference Include="Xilytix.FTEditor.LayoutConfiguration.pas"/>
			<DCCReference Include="Xilytix.FTEditor.EditEngine.pas"/>
			<DCCReference Include="Xilytix.FTEditor.LayoutFrame.pas">
				<Form>LayoutFrame</Form>
				<DesignClass>TFrame</DesignClass>
			</DCCReference>
			<DCCReference Include="Xilytix.FTEditor.BaseFieldPropertiesFrame.pas">
				<Form>BaseFieldPropertiesFrame</Form>
				<DesignClass>TFrame</DesignClass>
			</DCCReference>
			<DCCReference Include="Xilytix.FTEditor.StringFieldPropertiesFrame.pas">
				<Form>StringFieldPropertiesFrame</Form>
				<DesignClass>TFrame</DesignClass>
			</DCCReference>
			<DCCReference Include="Xilytix.FTEditor.SequencesFrame.pas">
				<Form>SequencesFrame</Form>
				<DesignClass>TFrame</DesignClass>
			</DCCReference>
			<DCCReference Include="Xilytix.FTEditor.SequencePropertiesFrame.pas">
				<Form>SequencePropertiesFrame</Form>
				<DesignClass>TFrame</DesignClass>
			</DCCReference>
			<DCCReference Include="Xilytix.FTEditor.SequenceItemPropertiesFrame.pas">
				<Form>SequenceItemPropertiesFrame</Form>
				<DesignClass>TFrame</DesignClass>
			</DCCReference>
			<DCCReference Include="Xilytix.FTEditor.SequenceRedirect_BasePropertiesFrame.pas">
				<Form>SequenceRedirect_BasePropertiesFrame</Form>
				<DesignClass>TFrame</DesignClass>
			</DCCReference>
			<DCCReference Include="Xilytix.FTEditor.LayoutConfigurationForm.pas">
				<Form>LayoutConfigurationForm</Form>
			</DCCReference>
			<DCCReference Include="Xilytix.FTEditor.LayoutableFrame.pas">
				<Form>LayoutableFrame</Form>
				<DesignClass>TFrame</DesignClass>
			</DCCReference>
			<DCCReference Include="Xilytix.FTEditor.Binder.pas"/>
			<DCCReference Include="Xilytix.FTEditor.Configuration.pas"/>
			<DCCReference Include="Xilytix.FTEditor.NumberStylesForm.pas">
				<Form>NumberStylesForm</Form>
			</DCCReference>
			<DCCReference Include="Xilytix.FTEditor.DateTimeStylesForm.pas">
				<Form>DateTimeStylesForm</Form>
			</DCCReference>
			<DCCReference Include="Xilytix.FTEditor.BooleanStylesForm.pas">
				<Form>BooleanStylesForm</Form>
			</DCCReference>
			<DCCReference Include="Xilytix.FTEditor.NumberFieldPropertiesFrame.pas">
				<Form>NumberFieldPropertiesFrame</Form>
				<DesignClass>TFrame</DesignClass>
			</DCCReference>
			<DCCReference Include="Xilytix.FTEditor.DateTimeFieldPropertiesFrame.pas">
				<Form>DateTimeFieldPropertiesFrame</Form>
				<DesignClass>TFrame</DesignClass>
			</DCCReference>
			<DCCReference Include="Xilytix.FTEditor.IntegerFieldPropertiesFrame.pas">
				<Form>IntegerFieldPropertiesFrame</Form>
				<DesignClass>TFrame</DesignClass>
			</DCCReference>
			<DCCReference Include="Xilytix.FTEditor.FloatFieldPropertiesFrame.pas">
				<Form>FloatFieldPropertiesFrame</Form>
				<DesignClass>TFrame</DesignClass>
			</DCCReference>
			<DCCReference Include="Xilytix.FTEditor.DecimalFieldPropertiesFrame.pas">
				<Form>DecimalFieldPropertiesFrame</Form>
				<DesignClass>TFrame</DesignClass>
			</DCCReference>
			<DCCReference Include="Xilytix.FTEditor.BooleanFieldPropertiesFrame.pas">
				<Form>BooleanFieldPropertiesFrame</Form>
				<DesignClass>TFrame</DesignClass>
			</DCCReference>
			<DCCReference Include="Xilytix.FTEditor.OptionsForm.pas">
				<Form>OptionsForm</Form>
			</DCCReference>
			<DCCReference Include="Xilytix.FTEditor.UrlForm.pas">
				<Form>UrlForm</Form>
			</DCCReference>
			<DCCReference Include="Xilytix.FTEditor.EditData.pas"/>
			<DCCReference Include="Xilytix.FTEditor.CommandLineParser.pas"/>
			<DCCReference Include="Xilytix.FTEditor.Colors.pas"/>
			<DCCReference Include="Xilytix.FTEditor.ColorSchemaForm.pas">
				<Form>ColorSchemaForm</Form>
			</DCCReference>
			<DCCReference Include="Xilytix.FTEditor.EditorFrame.pas">
				<Form>EditorFrame</Form>
				<DesignClass>TFrame</DesignClass>
			</DCCReference>
			<DCCReference Include="Xilytix.FTEditor.SourceFrame.pas">
				<Form>SourceFrame</Form>
				<DesignClass>TFrame</DesignClass>
			</DCCReference>
			<DCCReference Include="Xilytix.FTEditor.SequenceBasePropertiesFrame.pas">
				<Form>SequenceBasePropertiesFrame</Form>
				<DesignClass>TFrame</DesignClass>
			</DCCReference>
			<DCCReference Include="Xilytix.FTEditor.SequenceRedirect_StringPropertiesFrame.pas">
				<Form>SequenceRedirect_StringPropertiesFrame</Form>
				<DesignClass>TFrame</DesignClass>
			</DCCReference>
			<DCCReference Include="Xilytix.FTEditor.SequenceRedirect_BooleanPropertiesFrame.pas">
				<Form>SequenceRedirect_BooleanPropertiesFrame</Form>
				<DesignClass>TFrame</DesignClass>
			</DCCReference>
			<DCCReference Include="Xilytix.FTEditor.SequenceRedirect_IntegerPropertiesFrame.pas">
				<Form>SequenceRedirect_IntegerPropertiesFrame</Form>
				<DesignClass>TFrame</DesignClass>
			</DCCReference>
			<DCCReference Include="Xilytix.FTEditor.SequenceRedirect_DecimalPropertiesFrame.pas">
				<Form>SequenceRedirect_DecimalPropertiesFrame</Form>
				<DesignClass>TFrame</DesignClass>
			</DCCReference>
			<DCCReference Include="Xilytix.FTEditor.SequenceRedirect_FloatPropertiesFrame.pas">
				<Form>SequenceRedirect_FloatPropertiesFrame</Form>
				<DesignClass>TFrame</DesignClass>
			</DCCReference>
			<DCCReference Include="Xilytix.FTEditor.SequenceRedirect_DateTimePropertiesFrame.pas">
				<Form>SequenceRedirect_DateTimePropertiesFrame</Form>
				<DesignClass>TFrame</DesignClass>
			</DCCReference>
			<DCCReference Include="Xilytix.FTEditor.SequenceRedirect_DatePropertiesFrame.pas">
				<Form>SequenceRedirect_DatePropertiesFrame</Form>
				<DesignClass>TFrame</DesignClass>
			</DCCReference>
			<DCCReference Include="Xilytix.FTEditor.SequenceRedirect_CaseInsensitiveStringPropertiesFrame.pas">
				<Form>SequenceRedirect_CaseInsensitiveStringPropertiesFrame</Form>
				<DesignClass>TFrame</DesignClass>
			</DCCReference>
			<DCCReference Include="Xilytix.FTEditor.SequenceRedirect_ExactStringPropertiesFrame.pas">
				<Form>SequenceRedirect_ExactStringPropertiesFrame</Form>
				<DesignClass>TFrame</DesignClass>
			</DCCReference>
			<DCCReference Include="Xilytix.FTEditor.SequenceRedirect_ExactDateTimePropertiesFrame.pas">
				<Form>SequenceRedirect_ExactDateTimePropertiesFrame</Form>
				<DesignClass>TFrame</DesignClass>
			</DCCReference>
			<DCCReference Include="Xilytix.FTEditor.AboutForm.pas">
				<Form>AboutForm</Form>
			</DCCReference>
			<DCCReference Include="Xilytix.FTEditor.FieldHeadingsForm.pas">
				<Form>FieldHeadingsForm</Form>
			</DCCReference>
			<BuildConfiguration Include="Base">
				<Key>Base</Key>
			</BuildConfiguration>
			<BuildConfiguration Include="Debug">
				<Key>Cfg_2</Key>
				<CfgParent>Base</CfgParent>
			</BuildConfiguration>
		</ItemGroup>
		<Import Project="$(BDS)\Bin\CodeGear.Delphi.Targets" Condition="Exists('$(BDS)\Bin\CodeGear.Delphi.Targets')"/>
		<ProjectExtensions>
			<Borland.Personality>Delphi.Personality.12</Borland.Personality>
			<Borland.ProjectType>VCLApplication</Borland.ProjectType>
			<BorlandProject>
				<Delphi.Personality>
					<Source>
						<Source Name="MainSource">FTEditor.dpr</Source>
					</Source>
					<Parameters>
						<Parameters Name="UseLauncher">False</Parameters>
						<Parameters Name="LoadAllSymbols">True</Parameters>
						<Parameters Name="LoadUnspecifiedSymbols">False</Parameters>
					</Parameters>
					<VersionInfo>
						<VersionInfo Name="IncludeVerInfo">False</VersionInfo>
						<VersionInfo Name="AutoIncBuild">False</VersionInfo>
						<VersionInfo Name="MajorVer">1</VersionInfo>
						<VersionInfo Name="MinorVer">0</VersionInfo>
						<VersionInfo Name="Release">0</VersionInfo>
						<VersionInfo Name="Build">0</VersionInfo>
						<VersionInfo Name="Debug">False</VersionInfo>
						<VersionInfo Name="PreRelease">False</VersionInfo>
						<VersionInfo Name="Special">False</VersionInfo>
						<VersionInfo Name="Private">False</VersionInfo>
						<VersionInfo Name="DLL">False</VersionInfo>
						<VersionInfo Name="Locale">3081</VersionInfo>
						<VersionInfo Name="CodePage">1252</VersionInfo>
					</VersionInfo>
					<VersionInfoKeys>
						<VersionInfoKeys Name="CompanyName"/>
						<VersionInfoKeys Name="FileDescription"/>
						<VersionInfoKeys Name="FileVersion">1.0.0.0</VersionInfoKeys>
						<VersionInfoKeys Name="InternalName"/>
						<VersionInfoKeys Name="LegalCopyright"/>
						<VersionInfoKeys Name="LegalTrademarks"/>
						<VersionInfoKeys Name="OriginalFilename"/>
						<VersionInfoKeys Name="ProductName"/>
						<VersionInfoKeys Name="ProductVersion">1.0.0.0</VersionInfoKeys>
						<VersionInfoKeys Name="Comments"/>
					</VersionInfoKeys>
					<Excluded_Packages>
						<Excluded_Packages Name="$(BDS)\bin\dcloffice2k140.bpl">Microsoft Office 2000 Sample Automation Server Wrapper Components</Excluded_Packages>
						<Excluded_Packages Name="$(BDS)\bin\dclofficexp140.bpl">Microsoft Office XP Sample Automation Server Wrapper Components</Excluded_Packages>
						<Excluded_Packages Name="$(BDS)\bin\bcboffice2k140.bpl">Embarcadero C++Builder Office 2000 Servers Package</Excluded_Packages>
						<Excluded_Packages Name="$(BDS)\bin\bcbofficexp140.bpl">Embarcadero C++Builder Office XP Servers Package</Excluded_Packages>
					</Excluded_Packages>
				</Delphi.Personality>
			</BorlandProject>
			<ProjectFileVersion>12</ProjectFileVersion>
		</ProjectExtensions>
	</Project>
